
Microsoft Visual Studio Solution File, Format Version 12.00
# Visual Studio Version 16
VisualStudioVersion = 16.0.31702.278
MinimumVisualStudioVersion = 10.0.40219.1
Project("{FAE04EC0-301F-11D3-BF4B-00C04F79EFBC}") = "WCF1", "WCF1\WCF1.csproj", "{89AD8060-E1BF-4799-AE02-3EB8C7CB8C7A}"
EndProject
Project("{FAE04EC0-301F-11D3-BF4B-00C04F79EFBC}") = "Client", "Client\Client.csproj", "{73154563-A823-4B47-A15E-E1F47EDB8BE8}"
EndProject
Project("{FAE04EC0-301F-11D3-BF4B-00C04F79EFBC}") = "WCF2", "WCF2\WCF2.csproj", "{977108AD-FA30-4EB0-9E6C-B5CBF8052FE4}"
EndProject
Project("{FAE04EC0-301F-11D3-BF4B-00C04F79EFBC}") = "ChatClientGUI", "ChatClientGUI\ChatClientGUI.csproj", "{A0CA183F-9FCA-4E27-BAEE-26BDE32BF944}"
	ProjectSection(ProjectDependencies) = postProject
		{977108AD-FA30-4EB0-9E6C-B5CBF8052FE4} = {977108AD-FA30-4EB0-9E6C-B5CBF8052FE4}
	EndProjectSection
EndProject
Global
	GlobalSection(SolutionConfigurationPlatforms) = preSolution
		Debug|Any CPU = Debug|Any CPU
		Release|Any CPU = Release|Any CPU
	EndGlobalSection
	GlobalSection(ProjectConfigurationPlatforms) = postSolution
		{89AD8060-E1BF-4799-AE02-3EB8C7CB8C7A}.Debug|Any CPU.ActiveCfg = Debug|Any CPU
		{89AD8060-E1BF-4799-AE02-3EB8C7CB8C7A}.Debug|Any CPU.Build.0 = Debug|Any CPU
		{89AD8060-E1BF-4799-AE02-3EB8C7CB8C7A}.Release|Any CPU.ActiveCfg = Release|Any CPU
		{89AD8060-E1BF-4799-AE02-3EB8C7CB8C7A}.Release|Any CPU.Build.0 = Release|Any CPU
		{73154563-A823-4B47-A15E-E1F47EDB8BE8}.Debug|Any CPU.ActiveCfg = Debug|Any CPU
		{73154563-A823-4B47-A15E-E1F47EDB8BE8}.Debug|Any CPU.Build.0 = Debug|Any CPU
		{73154563-A823-4B47-A15E-E1F47EDB8BE8}.Release|Any CPU.ActiveCfg = Release|Any CPU
		{73154563-A823-4B47-A15E-E1F47EDB8BE8}.Release|Any CPU.Build.0 = Release|Any CPU
		{977108AD-FA30-4EB0-9E6C-B5CBF8052FE4}.Debug|Any CPU.ActiveCfg = Debug|Any CPU
		{977108AD-FA30-4EB0-9E6C-B5CBF8052FE4}.Debug|Any CPU.Build.0 = Debug|Any CPU
		{977108AD-FA30-4EB0-9E6C-B5CBF8052FE4}.Release|Any CPU.ActiveCfg = Release|Any CPU
		{977108AD-FA30-4EB0-9E6C-B5CBF8052FE4}.Release|Any CPU.Build.0 = Release|Any CPU
		{A0CA183F-9FCA-4E27-BAEE-26BDE32BF944}.Debug|Any CPU.ActiveCfg = Debug|Any CPU
		{A0CA183F-9FCA-4E27-BAEE-26BDE32BF944}.Debug|Any CPU.Build.0 = Debug|Any CPU
		{A0CA183F-9FCA-4E27-BAEE-26BDE32BF944}.Release|Any CPU.ActiveCfg = Release|Any CPU
		{A0CA183F-9FCA-4E27-BAEE-26BDE32BF944}.Release|Any CPU.Build.0 = Release|Any CPU
	EndGlobalSection
	GlobalSection(SolutionProperties) = preSolution
		HideSolutionNode = FALSE
	EndGlobalSection
	GlobalSection(ExtensibilityGlobals) = postSolution
		SolutionGuid = {0E166700-1F5D-4141-93C2-6FDF61FB7DE5}
	EndGlobalSection
EndGlobal
